
Microsoft Visual Studio Solution File, Format Version 12.00
# Visual Studio Version 16
VisualStudioVersion = 16.0.32106.194
MinimumVisualStudioVersion = 10.0.40219.1
Project("{9A19103F-16F7-4668-BE54-9A1E7A4F7556}") = "Empleado", "Empleado\Empleado.csproj", "{60A8E25C-C0A4-4240-BE54-235302EB2A58}"
EndProject
Project("{FAE04EC0-301F-11D3-BF4B-00C04F79EFBC}") = "Classes", "Classes\Classes.csproj", "{194C7B1C-DBAB-4D65-8EF5-D0673C757FB3}"
EndProject
Global
	GlobalSection(SolutionConfigurationPlatforms) = preSolution
		Debug|Any CPU = Debug|Any CPU
		Release|Any CPU = Release|Any CPU
	EndGlobalSection
	GlobalSection(ProjectConfigurationPlatforms) = postSolution
		{60A8E25C-C0A4-4240-BE54-235302EB2A58}.Debug|Any CPU.ActiveCfg = Debug|Any CPU
		{60A8E25C-C0A4-4240-BE54-235302EB2A58}.Debug|Any CPU.Build.0 = Debug|Any CPU
		{60A8E25C-C0A4-4240-BE54-235302EB2A58}.Release|Any CPU.ActiveCfg = Release|Any CPU
		{60A8E25C-C0A4-4240-BE54-235302EB2A58}.Release|Any CPU.Build.0 = Release|Any CPU
		{194C7B1C-DBAB-4D65-8EF5-D0673C757FB3}.Debug|Any CPU.ActiveCfg = Debug|Any CPU
		{194C7B1C-DBAB-4D65-8EF5-D0673C757FB3}.Debug|Any CPU.Build.0 = Debug|Any CPU
		{194C7B1C-DBAB-4D65-8EF5-D0673C757FB3}.Release|Any CPU.ActiveCfg = Release|Any CPU
		{194C7B1C-DBAB-4D65-8EF5-D0673C757FB3}.Release|Any CPU.Build.0 = Release|Any CPU
	EndGlobalSection
	GlobalSection(SolutionProperties) = preSolution
		HideSolutionNode = FALSE
	EndGlobalSection
	GlobalSection(ExtensibilityGlobals) = postSolution
		SolutionGuid = {A43D0CBE-BBE2-4CC3-9E3B-759D709D4A31}
	EndGlobalSection
EndGlobal
